
Microsoft Visual Studio Solution File, Format Version 12.00
# Visual Studio Version 16
VisualStudioVersion = 16.0.29326.143
MinimumVisualStudioVersion = 10.0.40219.1
Project("{FAE04EC0-301F-11D3-BF4B-00C04F79EFBC}") = "FormsExample.UWP", "FormsExample.UWP\FormsExample.UWP.csproj", "{CD657921-229D-4CF1-B199-7AD1B124597C}"
EndProject
Project("{FAE04EC0-301F-11D3-BF4B-00C04F79EFBC}") = "FormsExample.Android", "FormsExample.Android\FormsExample.Android.csproj", "{832E4A1D-9511-4107-B57B-2B15349CE5E5}"
EndProject
Project("{FAE04EC0-301F-11D3-BF4B-00C04F79EFBC}") = "FormsExample.iOS", "FormsExample.iOS\FormsExample.iOS.csproj", "{F0931ADE-DB1E-41B3-971F-8901DDC8655A}"
EndProject
Project("{FAE04EC0-301F-11D3-BF4B-00C04F79EFBC}") = "FormsExample", "FormsExample\FormsExample.csproj", "{EA848B55-9475-42FA-BCEE-449D0F8FE3D2}"
EndProject
Global
	GlobalSection(SolutionConfigurationPlatforms) = preSolution
		Debug|Any CPU = Debug|Any CPU
		Debug|ARM = Debug|ARM
		Debug|iPhone = Debug|iPhone
		Debug|iPhoneSimulator = Debug|iPhoneSimulator
		Debug|x64 = Debug|x64
		Debug|x86 = Debug|x86
		Release|Any CPU = Release|Any CPU
		Release|ARM = Release|ARM
		Release|iPhone = Release|iPhone
		Release|iPhoneSimulator = Release|iPhoneSimulator
		Release|x64 = Release|x64
		Release|x86 = Release|x86
	EndGlobalSection
	GlobalSection(ProjectConfigurationPlatforms) = postSolution
		{CD657921-229D-4CF1-B199-7AD1B124597C}.Debug|Any CPU.ActiveCfg = Debug|x86
		{CD657921-229D-4CF1-B199-7AD1B124597C}.Debug|Any CPU.Build.0 = Debug|x86
		{CD657921-229D-4CF1-B199-7AD1B124597C}.Debug|Any CPU.Deploy.0 = Debug|x86
		{CD657921-229D-4CF1-B199-7AD1B124597C}.Debug|ARM.ActiveCfg = Debug|ARM
		{CD657921-229D-4CF1-B199-7AD1B124597C}.Debug|ARM.Build.0 = Debug|ARM
		{CD657921-229D-4CF1-B199-7AD1B124597C}.Debug|ARM.Deploy.0 = Debug|ARM
		{CD657921-229D-4CF1-B199-7AD1B124597C}.Debug|iPhone.ActiveCfg = Debug|x86
		{CD657921-229D-4CF1-B199-7AD1B124597C}.Debug|iPhone.Build.0 = Debug|x86
		{CD657921-229D-4CF1-B199-7AD1B124597C}.Debug|iPhone.Deploy.0 = Debug|x86
		{CD657921-229D-4CF1-B199-7AD1B124597C}.Debug|iPhoneSimulator.ActiveCfg = Debug|x86
		{CD657921-229D-4CF1-B199-7AD1B124597C}.Debug|iPhoneSimulator.Build.0 = Debug|x86
		{CD657921-229D-4CF1-B199-7AD1B124597C}.Debug|iPhoneSimulator.Deploy.0 = Debug|x86
		{CD657921-229D-4CF1-B199-7AD1B124597C}.Debug|x64.ActiveCfg = Debug|x64
		{CD657921-229D-4CF1-B199-7AD1B124597C}.Debug|x64.Build.0 = Debug|x64
		{CD657921-229D-4CF1-B199-7AD1B124597C}.Debug|x64.Deploy.0 = Debug|x64
		{CD657921-229D-4CF1-B199-7AD1B124597C}.Debug|x86.ActiveCfg = Debug|x86
		{CD657921-229D-4CF1-B199-7AD1B124597C}.Debug|x86.Build.0 = Debug|x86
		{CD657921-229D-4CF1-B199-7AD1B124597C}.Debug|x86.Deploy.0 = Debug|x86
		{CD657921-229D-4CF1-B199-7AD1B124597C}.Release|Any CPU.ActiveCfg = Release|x86
		{CD657921-229D-4CF1-B199-7AD1B124597C}.Release|Any CPU.Build.0 = Release|x86
		{CD657921-229D-4CF1-B199-7AD1B124597C}.Release|Any CPU.Deploy.0 = Release|x86
		{CD657921-229D-4CF1-B199-7AD1B124597C}.Release|ARM.ActiveCfg = Release|ARM
		{CD657921-229D-4CF1-B199-7AD1B124597C}.Release|ARM.Build.0 = Release|ARM
		{CD657921-229D-4CF1-B199-7AD1B124597C}.Release|ARM.Deploy.0 = Release|ARM
		{CD657921-229D-4CF1-B199-7AD1B124597C}.Release|iPhone.ActiveCfg = Release|x86
		{CD657921-229D-4CF1-B199-7AD1B124597C}.Release|iPhone.Build.0 = Release|x86
		{CD657921-229D-4CF1-B199-7AD1B124597C}.Release|iPhone.Deploy.0 = Release|x86
		{CD657921-229D-4CF1-B199-7AD1B124597C}.Release|iPhoneSimulator.ActiveCfg = Release|x86
		{CD657921-229D-4CF1-B199-7AD1B124597C}.Release|iPhoneSimulator.Build.0 = Release|x86
		{CD657921-229D-4CF1-B199-7AD1B124597C}.Release|iPhoneSimulator.Deploy.0 = Release|x86
		{CD657921-229D-4CF1-B199-7AD1B124597C}.Release|x64.ActiveCfg = Release|x64
		{CD657921-229D-4CF1-B199-7AD1B124597C}.Release|x64.Build.0 = Release|x64
		{CD657921-229D-4CF1-B199-7AD1B124597C}.Release|x64.Deploy.0 = Release|x64
		{CD657921-229D-4CF1-B199-7AD1B124597C}.Release|x86.ActiveCfg = Release|x86
		{CD657921-229D-4CF1-B199-7AD1B124597C}.Release|x86.Build.0 = Release|x86
		{CD657921-229D-4CF1-B199-7AD1B124597C}.Release|x86.Deploy.0 = Release|x86
		{832E4A1D-9511-4107-B57B-2B15349CE5E5}.Debug|Any CPU.ActiveCfg = Debug|Any CPU
		{832E4A1D-9511-4107-B57B-2B15349CE5E5}.Debug|Any CPU.Build.0 = Debug|Any CPU
		{832E4A1D-9511-4107-B57B-2B15349CE5E5}.Debug|Any CPU.Deploy.0 = Debug|Any CPU
		{832E4A1D-9511-4107-B57B-2B15349CE5E5}.Debug|ARM.ActiveCfg = Debug|Any CPU
		{832E4A1D-9511-4107-B57B-2B15349CE5E5}.Debug|ARM.Build.0 = Debug|Any CPU
		{832E4A1D-9511-4107-B57B-2B15349CE5E5}.Debug|ARM.Deploy.0 = Debug|Any CPU
		{832E4A1D-9511-4107-B57B-2B15349CE5E5}.Debug|iPhone.ActiveCfg = Debug|Any CPU
		{832E4A1D-9511-4107-B57B-2B15349CE5E5}.Debug|iPhone.Build.0 = Debug|Any CPU
		{832E4A1D-9511-4107-B57B-2B15349CE5E5}.Debug|iPhone.Deploy.0 = Debug|Any CPU
		{832E4A1D-9511-4107-B57B-2B15349CE5E5}.Debug|iPhoneSimulator.ActiveCfg = Debug|Any CPU
		{832E4A1D-9511-4107-B57B-2B15349CE5E5}.Debug|iPhoneSimulator.Build.0 = Debug|Any CPU
		{832E4A1D-9511-4107-B57B-2B15349CE5E5}.Debug|iPhoneSimulator.Deploy.0 = Debug|Any CPU
		{832E4A1D-9511-4107-B57B-2B15349CE5E5}.Debug|x64.ActiveCfg = Debug|Any CPU
		{832E4A1D-9511-4107-B57B-2B15349CE5E5}.Debug|x64.Build.0 = Debug|Any CPU
		{832E4A1D-9511-4107-B57B-2B15349CE5E5}.Debug|x64.Deploy.0 = Debug|Any CPU
		{832E4A1D-9511-4107-B57B-2B15349CE5E5}.Debug|x86.ActiveCfg = Debug|Any CPU
		{832E4A1D-9511-4107-B57B-2B15349CE5E5}.Debug|x86.Build.0 = Debug|Any CPU
		{832E4A1D-9511-4107-B57B-2B15349CE5E5}.Debug|x86.Deploy.0 = Debug|Any CPU
		{832E4A1D-9511-4107-B57B-2B15349CE5E5}.Release|Any CPU.ActiveCfg = Release|Any CPU
		{832E4A1D-9511-4107-B57B-2B15349CE5E5}.Release|Any CPU.Build.0 = Release|Any CPU
		{832E4A1D-9511-4107-B57B-2B15349CE5E5}.Release|Any CPU.Deploy.0 = Release|Any CPU
		{832E4A1D-9511-4107-B57B-2B15349CE5E5}.Release|ARM.ActiveCfg = Release|Any CPU
		{832E4A1D-9511-4107-B57B-2B15349CE5E5}.Release|ARM.Build.0 = Release|Any CPU
		{832E4A1D-9511-4107-B57B-2B15349CE5E5}.Release|ARM.Deploy.0 = Release|Any CPU
		{832E4A1D-9511-4107-B57B-2B15349CE5E5}.Release|iPhone.ActiveCfg = Release|Any CPU
		{832E4A1D-9511-4107-B57B-2B15349CE5E5}.Release|iPhone.Build.0 = Release|Any CPU
		{832E4A1D-9511-4107-B57B-2B15349CE5E5}.Release|iPhone.Deploy.0 = Release|Any CPU
		{832E4A1D-9511-4107-B57B-2B15349CE5E5}.Release|iPhoneSimulator.ActiveCfg = Release|Any CPU
		{832E4A1D-9511-4107-B57B-2B15349CE5E5}.Release|iPhoneSimulator.Build.0 = Release|Any CPU
		{832E4A1D-9511-4107-B57B-2B15349CE5E5}.Release|iPhoneSimulator.Deploy.0 = Release|Any CPU
		{832E4A1D-9511-4107-B57B-2B15349CE5E5}.Release|x64.ActiveCfg = Release|Any CPU
		{832E4A1D-9511-4107-B57B-2B15349CE5E5}.Release|x64.Build.0 = Release|Any CPU
		{832E4A1D-9511-4107-B57B-2B15349CE5E5}.Release|x64.Deploy.0 = Release|Any CPU
		{832E4A1D-9511-4107-B57B-2B15349CE5E5}.Release|x86.ActiveCfg = Release|Any CPU
		{832E4A1D-9511-4107-B57B-2B15349CE5E5}.Release|x86.Build.0 = Release|Any CPU
		{832E4A1D-9511-4107-B57B-2B15349CE5E5}.Release|x86.Deploy.0 = Release|Any CPU
		{F0931ADE-DB1E-41B3-971F-8901DDC8655A}.Debug|Any CPU.ActiveCfg = Debug|iPhone
		{F0931ADE-DB1E-41B3-971F-8901DDC8655A}.Debug|Any CPU.Build.0 = Debug|iPhone
		{F0931ADE-DB1E-41B3-971F-8901DDC8655A}.Debug|Any CPU.Deploy.0 = Debug|iPhone
		{F0931ADE-DB1E-41B3-971F-8901DDC8655A}.Debug|ARM.ActiveCfg = Debug|iPhoneSimulator
		{F0931ADE-DB1E-41B3-971F-8901DDC8655A}.Debug|ARM.Build.0 = Debug|iPhoneSimulator
		{F0931ADE-DB1E-41B3-971F-8901DDC8655A}.Debug|ARM.Deploy.0 = Debug|iPhoneSimulator
		{F0931ADE-DB1E-41B3-971F-8901DDC8655A}.Debug|iPhone.ActiveCfg = Debug|iPhone
		{F0931ADE-DB1E-41B3-971F-8901DDC8655A}.Debug|iPhone.Build.0 = Debug|iPhone
		{F0931ADE-DB1E-41B3-971F-8901DDC8655A}.Debug|iPhone.Deploy.0 = Debug|iPhone
		{F0931ADE-DB1E-41B3-971F-8901DDC8655A}.Debug|iPhoneSimulator.ActiveCfg = Debug|iPhoneSimulator
		{F0931ADE-DB1E-41B3-971F-8901DDC8655A}.Debug|iPhoneSimulator.Build.0 = Debug|iPhoneSimulator
		{F0931ADE-DB1E-41B3-971F-8901DDC8655A}.Debug|iPhoneSimulator.Deploy.0 = Debug|iPhoneSimulator
		{F0931ADE-DB1E-41B3-971F-8901DDC8655A}.Debug|x64.ActiveCfg = Debug|iPhone
		{F0931ADE-DB1E-41B3-971F-8901DDC8655A}.Debug|x64.Build.0 = Debug|iPhone
		{F0931ADE-DB1E-41B3-971F-8901DDC8655A}.Debug|x64.Deploy.0 = Debug|iPhone
		{F0931ADE-DB1E-41B3-971F-8901DDC8655A}.Debug|x86.ActiveCfg = Debug|iPhone
		{F0931ADE-DB1E-41B3-971F-8901DDC8655A}.Debug|x86.Build.0 = Debug|iPhone
		{F0931ADE-DB1E-41B3-971F-8901DDC8655A}.Debug|x86.Deploy.0 = Debug|iPhone
		{F0931ADE-DB1E-41B3-971F-8901DDC8655A}.Release|Any CPU.ActiveCfg = Release|iPhone
		{F0931ADE-DB1E-41B3-971F-8901DDC8655A}.Release|Any CPU.Build.0 = Release|iPhone
		{F0931ADE-DB1E-41B3-971F-8901DDC8655A}.Release|Any CPU.Deploy.0 = Release|iPhone
		{F0931ADE-DB1E-41B3-971F-8901DDC8655A}.Release|ARM.ActiveCfg = Release|iPhone
		{F0931ADE-DB1E-41B3-971F-8901DDC8655A}.Release|ARM.Build.0 = Release|iPhone
		{F0931ADE-DB1E-41B3-971F-8901DDC8655A}.Release|ARM.Deploy.0 = Release|iPhone
		{F0931ADE-DB1E-41B3-971F-8901DDC8655A}.Release|iPhone.ActiveCfg = Release|iPhone
		{F0931ADE-DB1E-41B3-971F-8901DDC8655A}.Release|iPhone.Build.0 = Release|iPhone
		{F0931ADE-DB1E-41B3-971F-8901DDC8655A}.Release|iPhone.Deploy.0 = Release|iPhone
		{F0931ADE-DB1E-41B3-971F-8901DDC8655A}.Release|iPhoneSimulator.ActiveCfg = Release|iPhoneSimulator
		{F0931ADE-DB1E-41B3-971F-8901DDC8655A}.Release|iPhoneSimulator.Build.0 = Release|iPhoneSimulator
		{F0931ADE-DB1E-41B3-971F-8901DDC8655A}.Release|iPhoneSimulator.Deploy.0 = Release|iPhoneSimulator
		{F0931ADE-DB1E-41B3-971F-8901DDC8655A}.Release|x64.ActiveCfg = Release|iPhone
		{F0931ADE-DB1E-41B3-971F-8901DDC8655A}.Release|x64.Build.0 = Release|iPhone
		{F0931ADE-DB1E-41B3-971F-8901DDC8655A}.Release|x64.Deploy.0 = Release|iPhone
		{F0931ADE-DB1E-41B3-971F-8901DDC8655A}.Release|x86.ActiveCfg = Release|iPhone
		{F0931ADE-DB1E-41B3-971F-8901DDC8655A}.Release|x86.Build.0 = Release|iPhone
		{F0931ADE-DB1E-41B3-971F-8901DDC8655A}.Release|x86.Deploy.0 = Release|iPhone
		{EA848B55-9475-42FA-BCEE-449D0F8FE3D2}.Debug|Any CPU.ActiveCfg = Debug|Any CPU
		{EA848B55-9475-42FA-BCEE-449D0F8FE3D2}.Debug|Any CPU.Build.0 = Debug|Any CPU
		{EA848B55-9475-42FA-BCEE-449D0F8FE3D2}.Debug|Any CPU.Deploy.0 = Debug|Any CPU
		{EA848B55-9475-42FA-BCEE-449D0F8FE3D2}.Debug|ARM.ActiveCfg = Debug|Any CPU
		{EA848B55-9475-42FA-BCEE-449D0F8FE3D2}.Debug|ARM.Build.0 = Debug|Any CPU
		{EA848B55-9475-42FA-BCEE-449D0F8FE3D2}.Debug|ARM.Deploy.0 = Debug|Any CPU
		{EA848B55-9475-42FA-BCEE-449D0F8FE3D2}.Debug|iPhone.ActiveCfg = Debug|Any CPU
		{EA848B55-9475-42FA-BCEE-449D0F8FE3D2}.Debug|iPhone.Build.0 = Debug|Any CPU
		{EA848B55-9475-42FA-BCEE-449D0F8FE3D2}.Debug|iPhone.Deploy.0 = Debug|Any CPU
		{EA848B55-9475-42FA-BCEE-449D0F8FE3D2}.Debug|iPhoneSimulator.ActiveCfg = Debug|Any CPU
		{EA848B55-9475-42FA-BCEE-449D0F8FE3D2}.Debug|iPhoneSimulator.Build.0 = Debug|Any CPU
		{EA848B55-9475-42FA-BCEE-449D0F8FE3D2}.Debug|iPhoneSimulator.Deploy.0 = Debug|Any CPU
		{EA848B55-9475-42FA-BCEE-449D0F8FE3D2}.Debug|x64.ActiveCfg = Debug|Any CPU
		{EA848B55-9475-42FA-BCEE-449D0F8FE3D2}.Debug|x64.Build.0 = Debug|Any CPU
		{EA848B55-9475-42FA-BCEE-449D0F8FE3D2}.Debug|x64.Deploy.0 = Debug|Any CPU
		{EA848B55-9475-42FA-BCEE-449D0F8FE3D2}.Debug|x86.ActiveCfg = Debug|Any CPU
		{EA848B55-9475-42FA-BCEE-449D0F8FE3D2}.Debug|x86.Build.0 = Debug|Any CPU
		{EA848B55-9475-42FA-BCEE-449D0F8FE3D2}.Debug|x86.Deploy.0 = Debug|Any CPU
		{EA848B55-9475-42FA-BCEE-449D0F8FE3D2}.Release|Any CPU.ActiveCfg = Release|Any CPU
		{EA848B55-9475-42FA-BCEE-449D0F8FE3D2}.Release|Any CPU.Build.0 = Release|Any CPU
		{EA848B55-9475-42FA-BCEE-449D0F8FE3D2}.Release|Any CPU.Deploy.0 = Release|Any CPU
		{EA848B55-9475-42FA-BCEE-449D0F8FE3D2}.Release|ARM.ActiveCfg = Release|Any CPU
		{EA848B55-9475-42FA-BCEE-449D0F8FE3D2}.Release|ARM.Build.0 = Release|Any CPU
		{EA848B55-9475-42FA-BCEE-449D0F8FE3D2}.Release|ARM.Deploy.0 = Release|Any CPU
		{EA848B55-9475-42FA-BCEE-449D0F8FE3D2}.Release|iPhone.ActiveCfg = Release|Any CPU
		{EA848B55-9475-42FA-BCEE-449D0F8FE3D2}.Release|iPhone.Build.0 = Release|Any CPU
		{EA848B55-9475-42FA-BCEE-449D0F8FE3D2}.Release|iPhone.Deploy.0 = Release|Any CPU
		{EA848B55-9475-42FA-BCEE-449D0F8FE3D2}.Release|iPhoneSimulator.ActiveCfg = Release|Any CPU
		{EA848B55-9475-42FA-BCEE-449D0F8FE3D2}.Release|iPhoneSimulator.Build.0 = Release|Any CPU
		{EA848B55-9475-42FA-BCEE-449D0F8FE3D2}.Release|iPhoneSimulator.Deploy.0 = Release|Any CPU
		{EA848B55-9475-42FA-BCEE-449D0F8FE3D2}.Release|x64.ActiveCfg = Release|Any CPU
		{EA848B55-9475-42FA-BCEE-449D0F8FE3D2}.Release|x64.Build.0 = Release|Any CPU
		{EA848B55-9475-42FA-BCEE-449D0F8FE3D2}.Release|x64.Deploy.0 = Release|Any CPU
		{EA848B55-9475-42FA-BCEE-449D0F8FE3D2}.Release|x86.ActiveCfg = Release|Any CPU
		{EA848B55-9475-42FA-BCEE-449D0F8FE3D2}.Release|x86.Build.0 = Release|Any CPU
		{EA848B55-9475-42FA-BCEE-449D0F8FE3D2}.Release|x86.Deploy.0 = Release|Any CPU
	EndGlobalSection
	GlobalSection(SolutionProperties) = preSolution
		HideSolutionNode = FALSE
	EndGlobalSection
	GlobalSection(ExtensibilityGlobals) = postSolution
		SolutionGuid = {769D8283-DE17-48FD-A834-97C5A9010F70}
	EndGlobalSection
EndGlobal
