
Microsoft Visual Studio Solution File, Format Version 12.00
# Visual Studio Version 16
VisualStudioVersion = 16.0.29215.179
MinimumVisualStudioVersion = 10.0.40219.1
Project("{FAE04EC0-301F-11D3-BF4B-00C04F79EFBC}") = "Xamarin_Test_1.UWP", "Xamarin_Test_1.UWP\Xamarin_Test_1.UWP.csproj", "{25D868FB-4603-483C-80AB-9E7DEA0F731B}"
EndProject
Project("{FAE04EC0-301F-11D3-BF4B-00C04F79EFBC}") = "Xamarin_Test_1.Android", "Xamarin_Test_1.Android\Xamarin_Test_1.Android.csproj", "{1425F08E-70F1-4D00-96C5-FAD96F0E7C82}"
EndProject
Project("{FAE04EC0-301F-11D3-BF4B-00C04F79EFBC}") = "Xamarin_Test_1.iOS", "Xamarin_Test_1.iOS\Xamarin_Test_1.iOS.csproj", "{4229C27D-815E-49DE-B2C0-90BA01F0DA62}"
EndProject
Project("{FAE04EC0-301F-11D3-BF4B-00C04F79EFBC}") = "Xamarin_Test_1.MobileAppService", "Xamarin_Test_1.MobileAppService\Xamarin_Test_1.MobileAppService.csproj", "{FDCBA023-A3CB-4B33-9EFC-50F2FFC77DD6}"
EndProject
Project("{FAE04EC0-301F-11D3-BF4B-00C04F79EFBC}") = "Xamarin_Test_1", "Xamarin_Test_1\Xamarin_Test_1.csproj", "{C8D6BCD5-7668-44F3-A67C-13C25DE57D91}"
EndProject
Global
	GlobalSection(SolutionConfigurationPlatforms) = preSolution
		Debug|Any CPU = Debug|Any CPU
		Debug|ARM = Debug|ARM
		Debug|iPhone = Debug|iPhone
		Debug|iPhoneSimulator = Debug|iPhoneSimulator
		Debug|x64 = Debug|x64
		Debug|x86 = Debug|x86
		Release|Any CPU = Release|Any CPU
		Release|ARM = Release|ARM
		Release|iPhone = Release|iPhone
		Release|iPhoneSimulator = Release|iPhoneSimulator
		Release|x64 = Release|x64
		Release|x86 = Release|x86
	EndGlobalSection
	GlobalSection(ProjectConfigurationPlatforms) = postSolution
		{25D868FB-4603-483C-80AB-9E7DEA0F731B}.Debug|Any CPU.ActiveCfg = Debug|x86
		{25D868FB-4603-483C-80AB-9E7DEA0F731B}.Debug|Any CPU.Build.0 = Debug|x86
		{25D868FB-4603-483C-80AB-9E7DEA0F731B}.Debug|Any CPU.Deploy.0 = Debug|x86
		{25D868FB-4603-483C-80AB-9E7DEA0F731B}.Debug|ARM.ActiveCfg = Debug|ARM
		{25D868FB-4603-483C-80AB-9E7DEA0F731B}.Debug|ARM.Build.0 = Debug|ARM
		{25D868FB-4603-483C-80AB-9E7DEA0F731B}.Debug|ARM.Deploy.0 = Debug|ARM
		{25D868FB-4603-483C-80AB-9E7DEA0F731B}.Debug|iPhone.ActiveCfg = Debug|x86
		{25D868FB-4603-483C-80AB-9E7DEA0F731B}.Debug|iPhone.Build.0 = Debug|x86
		{25D868FB-4603-483C-80AB-9E7DEA0F731B}.Debug|iPhone.Deploy.0 = Debug|x86
		{25D868FB-4603-483C-80AB-9E7DEA0F731B}.Debug|iPhoneSimulator.ActiveCfg = Debug|x86
		{25D868FB-4603-483C-80AB-9E7DEA0F731B}.Debug|iPhoneSimulator.Build.0 = Debug|x86
		{25D868FB-4603-483C-80AB-9E7DEA0F731B}.Debug|iPhoneSimulator.Deploy.0 = Debug|x86
		{25D868FB-4603-483C-80AB-9E7DEA0F731B}.Debug|x64.ActiveCfg = Debug|x64
		{25D868FB-4603-483C-80AB-9E7DEA0F731B}.Debug|x64.Build.0 = Debug|x64
		{25D868FB-4603-483C-80AB-9E7DEA0F731B}.Debug|x64.Deploy.0 = Debug|x64
		{25D868FB-4603-483C-80AB-9E7DEA0F731B}.Debug|x86.ActiveCfg = Debug|x86
		{25D868FB-4603-483C-80AB-9E7DEA0F731B}.Debug|x86.Build.0 = Debug|x86
		{25D868FB-4603-483C-80AB-9E7DEA0F731B}.Debug|x86.Deploy.0 = Debug|x86
		{25D868FB-4603-483C-80AB-9E7DEA0F731B}.Release|Any CPU.ActiveCfg = Release|x86
		{25D868FB-4603-483C-80AB-9E7DEA0F731B}.Release|Any CPU.Build.0 = Release|x86
		{25D868FB-4603-483C-80AB-9E7DEA0F731B}.Release|Any CPU.Deploy.0 = Release|x86
		{25D868FB-4603-483C-80AB-9E7DEA0F731B}.Release|ARM.ActiveCfg = Release|ARM
		{25D868FB-4603-483C-80AB-9E7DEA0F731B}.Release|ARM.Build.0 = Release|ARM
		{25D868FB-4603-483C-80AB-9E7DEA0F731B}.Release|ARM.Deploy.0 = Release|ARM
		{25D868FB-4603-483C-80AB-9E7DEA0F731B}.Release|iPhone.ActiveCfg = Release|x86
		{25D868FB-4603-483C-80AB-9E7DEA0F731B}.Release|iPhone.Build.0 = Release|x86
		{25D868FB-4603-483C-80AB-9E7DEA0F731B}.Release|iPhone.Deploy.0 = Release|x86
		{25D868FB-4603-483C-80AB-9E7DEA0F731B}.Release|iPhoneSimulator.ActiveCfg = Release|x86
		{25D868FB-4603-483C-80AB-9E7DEA0F731B}.Release|iPhoneSimulator.Build.0 = Release|x86
		{25D868FB-4603-483C-80AB-9E7DEA0F731B}.Release|iPhoneSimulator.Deploy.0 = Release|x86
		{25D868FB-4603-483C-80AB-9E7DEA0F731B}.Release|x64.ActiveCfg = Release|x64
		{25D868FB-4603-483C-80AB-9E7DEA0F731B}.Release|x64.Build.0 = Release|x64
		{25D868FB-4603-483C-80AB-9E7DEA0F731B}.Release|x64.Deploy.0 = Release|x64
		{25D868FB-4603-483C-80AB-9E7DEA0F731B}.Release|x86.ActiveCfg = Release|x86
		{25D868FB-4603-483C-80AB-9E7DEA0F731B}.Release|x86.Build.0 = Release|x86
		{25D868FB-4603-483C-80AB-9E7DEA0F731B}.Release|x86.Deploy.0 = Release|x86
		{1425F08E-70F1-4D00-96C5-FAD96F0E7C82}.Debug|Any CPU.ActiveCfg = Debug|Any CPU
		{1425F08E-70F1-4D00-96C5-FAD96F0E7C82}.Debug|Any CPU.Build.0 = Debug|Any CPU
		{1425F08E-70F1-4D00-96C5-FAD96F0E7C82}.Debug|Any CPU.Deploy.0 = Debug|Any CPU
		{1425F08E-70F1-4D00-96C5-FAD96F0E7C82}.Debug|ARM.ActiveCfg = Debug|Any CPU
		{1425F08E-70F1-4D00-96C5-FAD96F0E7C82}.Debug|ARM.Build.0 = Debug|Any CPU
		{1425F08E-70F1-4D00-96C5-FAD96F0E7C82}.Debug|ARM.Deploy.0 = Debug|Any CPU
		{1425F08E-70F1-4D00-96C5-FAD96F0E7C82}.Debug|iPhone.ActiveCfg = Debug|Any CPU
		{1425F08E-70F1-4D00-96C5-FAD96F0E7C82}.Debug|iPhone.Build.0 = Debug|Any CPU
		{1425F08E-70F1-4D00-96C5-FAD96F0E7C82}.Debug|iPhone.Deploy.0 = Debug|Any CPU
		{1425F08E-70F1-4D00-96C5-FAD96F0E7C82}.Debug|iPhoneSimulator.ActiveCfg = Debug|Any CPU
		{1425F08E-70F1-4D00-96C5-FAD96F0E7C82}.Debug|iPhoneSimulator.Build.0 = Debug|Any CPU
		{1425F08E-70F1-4D00-96C5-FAD96F0E7C82}.Debug|iPhoneSimulator.Deploy.0 = Debug|Any CPU
		{1425F08E-70F1-4D00-96C5-FAD96F0E7C82}.Debug|x64.ActiveCfg = Debug|Any CPU
		{1425F08E-70F1-4D00-96C5-FAD96F0E7C82}.Debug|x64.Build.0 = Debug|Any CPU
		{1425F08E-70F1-4D00-96C5-FAD96F0E7C82}.Debug|x64.Deploy.0 = Debug|Any CPU
		{1425F08E-70F1-4D00-96C5-FAD96F0E7C82}.Debug|x86.ActiveCfg = Debug|Any CPU
		{1425F08E-70F1-4D00-96C5-FAD96F0E7C82}.Debug|x86.Build.0 = Debug|Any CPU
		{1425F08E-70F1-4D00-96C5-FAD96F0E7C82}.Debug|x86.Deploy.0 = Debug|Any CPU
		{1425F08E-70F1-4D00-96C5-FAD96F0E7C82}.Release|Any CPU.ActiveCfg = Release|Any CPU
		{1425F08E-70F1-4D00-96C5-FAD96F0E7C82}.Release|Any CPU.Build.0 = Release|Any CPU
		{1425F08E-70F1-4D00-96C5-FAD96F0E7C82}.Release|Any CPU.Deploy.0 = Release|Any CPU
		{1425F08E-70F1-4D00-96C5-FAD96F0E7C82}.Release|ARM.ActiveCfg = Release|Any CPU
		{1425F08E-70F1-4D00-96C5-FAD96F0E7C82}.Release|ARM.Build.0 = Release|Any CPU
		{1425F08E-70F1-4D00-96C5-FAD96F0E7C82}.Release|ARM.Deploy.0 = Release|Any CPU
		{1425F08E-70F1-4D00-96C5-FAD96F0E7C82}.Release|iPhone.ActiveCfg = Release|Any CPU
		{1425F08E-70F1-4D00-96C5-FAD96F0E7C82}.Release|iPhone.Build.0 = Release|Any CPU
		{1425F08E-70F1-4D00-96C5-FAD96F0E7C82}.Release|iPhone.Deploy.0 = Release|Any CPU
		{1425F08E-70F1-4D00-96C5-FAD96F0E7C82}.Release|iPhoneSimulator.ActiveCfg = Release|Any CPU
		{1425F08E-70F1-4D00-96C5-FAD96F0E7C82}.Release|iPhoneSimulator.Build.0 = Release|Any CPU
		{1425F08E-70F1-4D00-96C5-FAD96F0E7C82}.Release|iPhoneSimulator.Deploy.0 = Release|Any CPU
		{1425F08E-70F1-4D00-96C5-FAD96F0E7C82}.Release|x64.ActiveCfg = Release|Any CPU
		{1425F08E-70F1-4D00-96C5-FAD96F0E7C82}.Release|x64.Build.0 = Release|Any CPU
		{1425F08E-70F1-4D00-96C5-FAD96F0E7C82}.Release|x64.Deploy.0 = Release|Any CPU
		{1425F08E-70F1-4D00-96C5-FAD96F0E7C82}.Release|x86.ActiveCfg = Release|Any CPU
		{1425F08E-70F1-4D00-96C5-FAD96F0E7C82}.Release|x86.Build.0 = Release|Any CPU
		{1425F08E-70F1-4D00-96C5-FAD96F0E7C82}.Release|x86.Deploy.0 = Release|Any CPU
		{4229C27D-815E-49DE-B2C0-90BA01F0DA62}.Debug|Any CPU.ActiveCfg = Debug|iPhone
		{4229C27D-815E-49DE-B2C0-90BA01F0DA62}.Debug|Any CPU.Build.0 = Debug|iPhone
		{4229C27D-815E-49DE-B2C0-90BA01F0DA62}.Debug|Any CPU.Deploy.0 = Debug|iPhone
		{4229C27D-815E-49DE-B2C0-90BA01F0DA62}.Debug|ARM.ActiveCfg = Debug|iPhoneSimulator
		{4229C27D-815E-49DE-B2C0-90BA01F0DA62}.Debug|ARM.Build.0 = Debug|iPhoneSimulator
		{4229C27D-815E-49DE-B2C0-90BA01F0DA62}.Debug|ARM.Deploy.0 = Debug|iPhoneSimulator
		{4229C27D-815E-49DE-B2C0-90BA01F0DA62}.Debug|iPhone.ActiveCfg = Debug|iPhone
		{4229C27D-815E-49DE-B2C0-90BA01F0DA62}.Debug|iPhone.Build.0 = Debug|iPhone
		{4229C27D-815E-49DE-B2C0-90BA01F0DA62}.Debug|iPhone.Deploy.0 = Debug|iPhone
		{4229C27D-815E-49DE-B2C0-90BA01F0DA62}.Debug|iPhoneSimulator.ActiveCfg = Debug|iPhoneSimulator
		{4229C27D-815E-49DE-B2C0-90BA01F0DA62}.Debug|iPhoneSimulator.Build.0 = Debug|iPhoneSimulator
		{4229C27D-815E-49DE-B2C0-90BA01F0DA62}.Debug|iPhoneSimulator.Deploy.0 = Debug|iPhoneSimulator
		{4229C27D-815E-49DE-B2C0-90BA01F0DA62}.Debug|x64.ActiveCfg = Debug|iPhone
		{4229C27D-815E-49DE-B2C0-90BA01F0DA62}.Debug|x64.Build.0 = Debug|iPhone
		{4229C27D-815E-49DE-B2C0-90BA01F0DA62}.Debug|x64.Deploy.0 = Debug|iPhone
		{4229C27D-815E-49DE-B2C0-90BA01F0DA62}.Debug|x86.ActiveCfg = Debug|iPhone
		{4229C27D-815E-49DE-B2C0-90BA01F0DA62}.Debug|x86.Build.0 = Debug|iPhone
		{4229C27D-815E-49DE-B2C0-90BA01F0DA62}.Debug|x86.Deploy.0 = Debug|iPhone
		{4229C27D-815E-49DE-B2C0-90BA01F0DA62}.Release|Any CPU.ActiveCfg = Release|iPhone
		{4229C27D-815E-49DE-B2C0-90BA01F0DA62}.Release|Any CPU.Build.0 = Release|iPhone
		{4229C27D-815E-49DE-B2C0-90BA01F0DA62}.Release|Any CPU.Deploy.0 = Release|iPhone
		{4229C27D-815E-49DE-B2C0-90BA01F0DA62}.Release|ARM.ActiveCfg = Release|iPhone
		{4229C27D-815E-49DE-B2C0-90BA01F0DA62}.Release|ARM.Build.0 = Release|iPhone
		{4229C27D-815E-49DE-B2C0-90BA01F0DA62}.Release|ARM.Deploy.0 = Release|iPhone
		{4229C27D-815E-49DE-B2C0-90BA01F0DA62}.Release|iPhone.ActiveCfg = Release|iPhone
		{4229C27D-815E-49DE-B2C0-90BA01F0DA62}.Release|iPhone.Build.0 = Release|iPhone
		{4229C27D-815E-49DE-B2C0-90BA01F0DA62}.Release|iPhone.Deploy.0 = Release|iPhone
		{4229C27D-815E-49DE-B2C0-90BA01F0DA62}.Release|iPhoneSimulator.ActiveCfg = Release|iPhoneSimulator
		{4229C27D-815E-49DE-B2C0-90BA01F0DA62}.Release|iPhoneSimulator.Build.0 = Release|iPhoneSimulator
		{4229C27D-815E-49DE-B2C0-90BA01F0DA62}.Release|iPhoneSimulator.Deploy.0 = Release|iPhoneSimulator
		{4229C27D-815E-49DE-B2C0-90BA01F0DA62}.Release|x64.ActiveCfg = Release|iPhone
		{4229C27D-815E-49DE-B2C0-90BA01F0DA62}.Release|x64.Build.0 = Release|iPhone
		{4229C27D-815E-49DE-B2C0-90BA01F0DA62}.Release|x64.Deploy.0 = Release|iPhone
		{4229C27D-815E-49DE-B2C0-90BA01F0DA62}.Release|x86.ActiveCfg = Release|iPhone
		{4229C27D-815E-49DE-B2C0-90BA01F0DA62}.Release|x86.Build.0 = Release|iPhone
		{4229C27D-815E-49DE-B2C0-90BA01F0DA62}.Release|x86.Deploy.0 = Release|iPhone
		{FDCBA023-A3CB-4B33-9EFC-50F2FFC77DD6}.Debug|Any CPU.ActiveCfg = Debug|Any CPU
		{FDCBA023-A3CB-4B33-9EFC-50F2FFC77DD6}.Debug|Any CPU.Build.0 = Debug|Any CPU
		{FDCBA023-A3CB-4B33-9EFC-50F2FFC77DD6}.Debug|Any CPU.Deploy.0 = Debug|Any CPU
		{FDCBA023-A3CB-4B33-9EFC-50F2FFC77DD6}.Debug|ARM.ActiveCfg = Debug|Any CPU
		{FDCBA023-A3CB-4B33-9EFC-50F2FFC77DD6}.Debug|ARM.Build.0 = Debug|Any CPU
		{FDCBA023-A3CB-4B33-9EFC-50F2FFC77DD6}.Debug|ARM.Deploy.0 = Debug|Any CPU
		{FDCBA023-A3CB-4B33-9EFC-50F2FFC77DD6}.Debug|iPhone.ActiveCfg = Debug|Any CPU
		{FDCBA023-A3CB-4B33-9EFC-50F2FFC77DD6}.Debug|iPhone.Build.0 = Debug|Any CPU
		{FDCBA023-A3CB-4B33-9EFC-50F2FFC77DD6}.Debug|iPhone.Deploy.0 = Debug|Any CPU
		{FDCBA023-A3CB-4B33-9EFC-50F2FFC77DD6}.Debug|iPhoneSimulator.ActiveCfg = Debug|Any CPU
		{FDCBA023-A3CB-4B33-9EFC-50F2FFC77DD6}.Debug|iPhoneSimulator.Build.0 = Debug|Any CPU
		{FDCBA023-A3CB-4B33-9EFC-50F2FFC77DD6}.Debug|iPhoneSimulator.Deploy.0 = Debug|Any CPU
		{FDCBA023-A3CB-4B33-9EFC-50F2FFC77DD6}.Debug|x64.ActiveCfg = Debug|Any CPU
		{FDCBA023-A3CB-4B33-9EFC-50F2FFC77DD6}.Debug|x64.Build.0 = Debug|Any CPU
		{FDCBA023-A3CB-4B33-9EFC-50F2FFC77DD6}.Debug|x64.Deploy.0 = Debug|Any CPU
		{FDCBA023-A3CB-4B33-9EFC-50F2FFC77DD6}.Debug|x86.ActiveCfg = Debug|Any CPU
		{FDCBA023-A3CB-4B33-9EFC-50F2FFC77DD6}.Debug|x86.Build.0 = Debug|Any CPU
		{FDCBA023-A3CB-4B33-9EFC-50F2FFC77DD6}.Debug|x86.Deploy.0 = Debug|Any CPU
		{FDCBA023-A3CB-4B33-9EFC-50F2FFC77DD6}.Release|Any CPU.ActiveCfg = Release|Any CPU
		{FDCBA023-A3CB-4B33-9EFC-50F2FFC77DD6}.Release|Any CPU.Build.0 = Release|Any CPU
		{FDCBA023-A3CB-4B33-9EFC-50F2FFC77DD6}.Release|Any CPU.Deploy.0 = Release|Any CPU
		{FDCBA023-A3CB-4B33-9EFC-50F2FFC77DD6}.Release|ARM.ActiveCfg = Release|Any CPU
		{FDCBA023-A3CB-4B33-9EFC-50F2FFC77DD6}.Release|ARM.Build.0 = Release|Any CPU
		{FDCBA023-A3CB-4B33-9EFC-50F2FFC77DD6}.Release|ARM.Deploy.0 = Release|Any CPU
		{FDCBA023-A3CB-4B33-9EFC-50F2FFC77DD6}.Release|iPhone.ActiveCfg = Release|Any CPU
		{FDCBA023-A3CB-4B33-9EFC-50F2FFC77DD6}.Release|iPhone.Build.0 = Release|Any CPU
		{FDCBA023-A3CB-4B33-9EFC-50F2FFC77DD6}.Release|iPhone.Deploy.0 = Release|Any CPU
		{FDCBA023-A3CB-4B33-9EFC-50F2FFC77DD6}.Release|iPhoneSimulator.ActiveCfg = Release|Any CPU
		{FDCBA023-A3CB-4B33-9EFC-50F2FFC77DD6}.Release|iPhoneSimulator.Build.0 = Release|Any CPU
		{FDCBA023-A3CB-4B33-9EFC-50F2FFC77DD6}.Release|iPhoneSimulator.Deploy.0 = Release|Any CPU
		{FDCBA023-A3CB-4B33-9EFC-50F2FFC77DD6}.Release|x64.ActiveCfg = Release|Any CPU
		{FDCBA023-A3CB-4B33-9EFC-50F2FFC77DD6}.Release|x64.Build.0 = Release|Any CPU
		{FDCBA023-A3CB-4B33-9EFC-50F2FFC77DD6}.Release|x64.Deploy.0 = Release|Any CPU
		{FDCBA023-A3CB-4B33-9EFC-50F2FFC77DD6}.Release|x86.ActiveCfg = Release|Any CPU
		{FDCBA023-A3CB-4B33-9EFC-50F2FFC77DD6}.Release|x86.Build.0 = Release|Any CPU
		{FDCBA023-A3CB-4B33-9EFC-50F2FFC77DD6}.Release|x86.Deploy.0 = Release|Any CPU
		{C8D6BCD5-7668-44F3-A67C-13C25DE57D91}.Debug|Any CPU.ActiveCfg = Debug|Any CPU
		{C8D6BCD5-7668-44F3-A67C-13C25DE57D91}.Debug|Any CPU.Build.0 = Debug|Any CPU
		{C8D6BCD5-7668-44F3-A67C-13C25DE57D91}.Debug|Any CPU.Deploy.0 = Debug|Any CPU
		{C8D6BCD5-7668-44F3-A67C-13C25DE57D91}.Debug|ARM.ActiveCfg = Debug|Any CPU
		{C8D6BCD5-7668-44F3-A67C-13C25DE57D91}.Debug|ARM.Build.0 = Debug|Any CPU
		{C8D6BCD5-7668-44F3-A67C-13C25DE57D91}.Debug|ARM.Deploy.0 = Debug|Any CPU
		{C8D6BCD5-7668-44F3-A67C-13C25DE57D91}.Debug|iPhone.ActiveCfg = Debug|Any CPU
		{C8D6BCD5-7668-44F3-A67C-13C25DE57D91}.Debug|iPhone.Build.0 = Debug|Any CPU
		{C8D6BCD5-7668-44F3-A67C-13C25DE57D91}.Debug|iPhone.Deploy.0 = Debug|Any CPU
		{C8D6BCD5-7668-44F3-A67C-13C25DE57D91}.Debug|iPhoneSimulator.ActiveCfg = Debug|Any CPU
		{C8D6BCD5-7668-44F3-A67C-13C25DE57D91}.Debug|iPhoneSimulator.Build.0 = Debug|Any CPU
		{C8D6BCD5-7668-44F3-A67C-13C25DE57D91}.Debug|iPhoneSimulator.Deploy.0 = Debug|Any CPU
		{C8D6BCD5-7668-44F3-A67C-13C25DE57D91}.Debug|x64.ActiveCfg = Debug|Any CPU
		{C8D6BCD5-7668-44F3-A67C-13C25DE57D91}.Debug|x64.Build.0 = Debug|Any CPU
		{C8D6BCD5-7668-44F3-A67C-13C25DE57D91}.Debug|x64.Deploy.0 = Debug|Any CPU
		{C8D6BCD5-7668-44F3-A67C-13C25DE57D91}.Debug|x86.ActiveCfg = Debug|Any CPU
		{C8D6BCD5-7668-44F3-A67C-13C25DE57D91}.Debug|x86.Build.0 = Debug|Any CPU
		{C8D6BCD5-7668-44F3-A67C-13C25DE57D91}.Debug|x86.Deploy.0 = Debug|Any CPU
		{C8D6BCD5-7668-44F3-A67C-13C25DE57D91}.Release|Any CPU.ActiveCfg = Release|Any CPU
		{C8D6BCD5-7668-44F3-A67C-13C25DE57D91}.Release|Any CPU.Build.0 = Release|Any CPU
		{C8D6BCD5-7668-44F3-A67C-13C25DE57D91}.Release|Any CPU.Deploy.0 = Release|Any CPU
		{C8D6BCD5-7668-44F3-A67C-13C25DE57D91}.Release|ARM.ActiveCfg = Release|Any CPU
		{C8D6BCD5-7668-44F3-A67C-13C25DE57D91}.Release|ARM.Build.0 = Release|Any CPU
		{C8D6BCD5-7668-44F3-A67C-13C25DE57D91}.Release|ARM.Deploy.0 = Release|Any CPU
		{C8D6BCD5-7668-44F3-A67C-13C25DE57D91}.Release|iPhone.ActiveCfg = Release|Any CPU
		{C8D6BCD5-7668-44F3-A67C-13C25DE57D91}.Release|iPhone.Build.0 = Release|Any CPU
		{C8D6BCD5-7668-44F3-A67C-13C25DE57D91}.Release|iPhone.Deploy.0 = Release|Any CPU
		{C8D6BCD5-7668-44F3-A67C-13C25DE57D91}.Release|iPhoneSimulator.ActiveCfg = Release|Any CPU
		{C8D6BCD5-7668-44F3-A67C-13C25DE57D91}.Release|iPhoneSimulator.Build.0 = Release|Any CPU
		{C8D6BCD5-7668-44F3-A67C-13C25DE57D91}.Release|iPhoneSimulator.Deploy.0 = Release|Any CPU
		{C8D6BCD5-7668-44F3-A67C-13C25DE57D91}.Release|x64.ActiveCfg = Release|Any CPU
		{C8D6BCD5-7668-44F3-A67C-13C25DE57D91}.Release|x64.Build.0 = Release|Any CPU
		{C8D6BCD5-7668-44F3-A67C-13C25DE57D91}.Release|x64.Deploy.0 = Release|Any CPU
		{C8D6BCD5-7668-44F3-A67C-13C25DE57D91}.Release|x86.ActiveCfg = Release|Any CPU
		{C8D6BCD5-7668-44F3-A67C-13C25DE57D91}.Release|x86.Build.0 = Release|Any CPU
		{C8D6BCD5-7668-44F3-A67C-13C25DE57D91}.Release|x86.Deploy.0 = Release|Any CPU
	EndGlobalSection
	GlobalSection(SolutionProperties) = preSolution
		HideSolutionNode = FALSE
	EndGlobalSection
	GlobalSection(ExtensibilityGlobals) = postSolution
		SolutionGuid = {8D169172-E018-4831-B6C6-C93B8A8DAB26}
	EndGlobalSection
EndGlobal
