
Microsoft Visual Studio Solution File, Format Version 12.00
# Visual Studio Version 16
VisualStudioVersion = 16.0.29215.179
MinimumVisualStudioVersion = 10.0.40219.1
Project("{FAE04EC0-301F-11D3-BF4B-00C04F79EFBC}") = "Phoneword.UWP", "Phoneword.UWP\Phoneword.UWP.csproj", "{1F65778E-6E19-489B-8C1E-5A7953672E2D}"
EndProject
Project("{FAE04EC0-301F-11D3-BF4B-00C04F79EFBC}") = "Phoneword.Android", "Phoneword.Android\Phoneword.Android.csproj", "{1990ACF9-128F-441F-9AC0-561FDE95F893}"
EndProject
Project("{FAE04EC0-301F-11D3-BF4B-00C04F79EFBC}") = "Phoneword.iOS", "Phoneword.iOS\Phoneword.iOS.csproj", "{38224268-9B34-48C8-B9E3-855D135D6DCB}"
EndProject
Project("{FAE04EC0-301F-11D3-BF4B-00C04F79EFBC}") = "Phoneword", "Phoneword\Phoneword.csproj", "{0A5D45B7-FB02-4B0B-999D-CECE688D138A}"
EndProject
Global
	GlobalSection(SolutionConfigurationPlatforms) = preSolution
		Debug|Any CPU = Debug|Any CPU
		Debug|ARM = Debug|ARM
		Debug|iPhone = Debug|iPhone
		Debug|iPhoneSimulator = Debug|iPhoneSimulator
		Debug|x64 = Debug|x64
		Debug|x86 = Debug|x86
		Release|Any CPU = Release|Any CPU
		Release|ARM = Release|ARM
		Release|iPhone = Release|iPhone
		Release|iPhoneSimulator = Release|iPhoneSimulator
		Release|x64 = Release|x64
		Release|x86 = Release|x86
	EndGlobalSection
	GlobalSection(ProjectConfigurationPlatforms) = postSolution
		{1F65778E-6E19-489B-8C1E-5A7953672E2D}.Debug|Any CPU.ActiveCfg = Debug|x86
		{1F65778E-6E19-489B-8C1E-5A7953672E2D}.Debug|Any CPU.Build.0 = Debug|x86
		{1F65778E-6E19-489B-8C1E-5A7953672E2D}.Debug|Any CPU.Deploy.0 = Debug|x86
		{1F65778E-6E19-489B-8C1E-5A7953672E2D}.Debug|ARM.ActiveCfg = Debug|ARM
		{1F65778E-6E19-489B-8C1E-5A7953672E2D}.Debug|ARM.Build.0 = Debug|ARM
		{1F65778E-6E19-489B-8C1E-5A7953672E2D}.Debug|ARM.Deploy.0 = Debug|ARM
		{1F65778E-6E19-489B-8C1E-5A7953672E2D}.Debug|iPhone.ActiveCfg = Debug|x86
		{1F65778E-6E19-489B-8C1E-5A7953672E2D}.Debug|iPhone.Build.0 = Debug|x86
		{1F65778E-6E19-489B-8C1E-5A7953672E2D}.Debug|iPhone.Deploy.0 = Debug|x86
		{1F65778E-6E19-489B-8C1E-5A7953672E2D}.Debug|iPhoneSimulator.ActiveCfg = Debug|x86
		{1F65778E-6E19-489B-8C1E-5A7953672E2D}.Debug|iPhoneSimulator.Build.0 = Debug|x86
		{1F65778E-6E19-489B-8C1E-5A7953672E2D}.Debug|iPhoneSimulator.Deploy.0 = Debug|x86
		{1F65778E-6E19-489B-8C1E-5A7953672E2D}.Debug|x64.ActiveCfg = Debug|x64
		{1F65778E-6E19-489B-8C1E-5A7953672E2D}.Debug|x64.Build.0 = Debug|x64
		{1F65778E-6E19-489B-8C1E-5A7953672E2D}.Debug|x64.Deploy.0 = Debug|x64
		{1F65778E-6E19-489B-8C1E-5A7953672E2D}.Debug|x86.ActiveCfg = Debug|x86
		{1F65778E-6E19-489B-8C1E-5A7953672E2D}.Debug|x86.Build.0 = Debug|x86
		{1F65778E-6E19-489B-8C1E-5A7953672E2D}.Debug|x86.Deploy.0 = Debug|x86
		{1F65778E-6E19-489B-8C1E-5A7953672E2D}.Release|Any CPU.ActiveCfg = Release|x86
		{1F65778E-6E19-489B-8C1E-5A7953672E2D}.Release|Any CPU.Build.0 = Release|x86
		{1F65778E-6E19-489B-8C1E-5A7953672E2D}.Release|Any CPU.Deploy.0 = Release|x86
		{1F65778E-6E19-489B-8C1E-5A7953672E2D}.Release|ARM.ActiveCfg = Release|ARM
		{1F65778E-6E19-489B-8C1E-5A7953672E2D}.Release|ARM.Build.0 = Release|ARM
		{1F65778E-6E19-489B-8C1E-5A7953672E2D}.Release|ARM.Deploy.0 = Release|ARM
		{1F65778E-6E19-489B-8C1E-5A7953672E2D}.Release|iPhone.ActiveCfg = Release|x86
		{1F65778E-6E19-489B-8C1E-5A7953672E2D}.Release|iPhone.Build.0 = Release|x86
		{1F65778E-6E19-489B-8C1E-5A7953672E2D}.Release|iPhone.Deploy.0 = Release|x86
		{1F65778E-6E19-489B-8C1E-5A7953672E2D}.Release|iPhoneSimulator.ActiveCfg = Release|x86
		{1F65778E-6E19-489B-8C1E-5A7953672E2D}.Release|iPhoneSimulator.Build.0 = Release|x86
		{1F65778E-6E19-489B-8C1E-5A7953672E2D}.Release|iPhoneSimulator.Deploy.0 = Release|x86
		{1F65778E-6E19-489B-8C1E-5A7953672E2D}.Release|x64.ActiveCfg = Release|x64
		{1F65778E-6E19-489B-8C1E-5A7953672E2D}.Release|x64.Build.0 = Release|x64
		{1F65778E-6E19-489B-8C1E-5A7953672E2D}.Release|x64.Deploy.0 = Release|x64
		{1F65778E-6E19-489B-8C1E-5A7953672E2D}.Release|x86.ActiveCfg = Release|x86
		{1F65778E-6E19-489B-8C1E-5A7953672E2D}.Release|x86.Build.0 = Release|x86
		{1F65778E-6E19-489B-8C1E-5A7953672E2D}.Release|x86.Deploy.0 = Release|x86
		{1990ACF9-128F-441F-9AC0-561FDE95F893}.Debug|Any CPU.ActiveCfg = Debug|Any CPU
		{1990ACF9-128F-441F-9AC0-561FDE95F893}.Debug|Any CPU.Build.0 = Debug|Any CPU
		{1990ACF9-128F-441F-9AC0-561FDE95F893}.Debug|Any CPU.Deploy.0 = Debug|Any CPU
		{1990ACF9-128F-441F-9AC0-561FDE95F893}.Debug|ARM.ActiveCfg = Debug|Any CPU
		{1990ACF9-128F-441F-9AC0-561FDE95F893}.Debug|ARM.Build.0 = Debug|Any CPU
		{1990ACF9-128F-441F-9AC0-561FDE95F893}.Debug|ARM.Deploy.0 = Debug|Any CPU
		{1990ACF9-128F-441F-9AC0-561FDE95F893}.Debug|iPhone.ActiveCfg = Debug|Any CPU
		{1990ACF9-128F-441F-9AC0-561FDE95F893}.Debug|iPhone.Build.0 = Debug|Any CPU
		{1990ACF9-128F-441F-9AC0-561FDE95F893}.Debug|iPhone.Deploy.0 = Debug|Any CPU
		{1990ACF9-128F-441F-9AC0-561FDE95F893}.Debug|iPhoneSimulator.ActiveCfg = Debug|Any CPU
		{1990ACF9-128F-441F-9AC0-561FDE95F893}.Debug|iPhoneSimulator.Build.0 = Debug|Any CPU
		{1990ACF9-128F-441F-9AC0-561FDE95F893}.Debug|iPhoneSimulator.Deploy.0 = Debug|Any CPU
		{1990ACF9-128F-441F-9AC0-561FDE95F893}.Debug|x64.ActiveCfg = Debug|Any CPU
		{1990ACF9-128F-441F-9AC0-561FDE95F893}.Debug|x64.Build.0 = Debug|Any CPU
		{1990ACF9-128F-441F-9AC0-561FDE95F893}.Debug|x64.Deploy.0 = Debug|Any CPU
		{1990ACF9-128F-441F-9AC0-561FDE95F893}.Debug|x86.ActiveCfg = Debug|Any CPU
		{1990ACF9-128F-441F-9AC0-561FDE95F893}.Debug|x86.Build.0 = Debug|Any CPU
		{1990ACF9-128F-441F-9AC0-561FDE95F893}.Debug|x86.Deploy.0 = Debug|Any CPU
		{1990ACF9-128F-441F-9AC0-561FDE95F893}.Release|Any CPU.ActiveCfg = Release|Any CPU
		{1990ACF9-128F-441F-9AC0-561FDE95F893}.Release|Any CPU.Build.0 = Release|Any CPU
		{1990ACF9-128F-441F-9AC0-561FDE95F893}.Release|Any CPU.Deploy.0 = Release|Any CPU
		{1990ACF9-128F-441F-9AC0-561FDE95F893}.Release|ARM.ActiveCfg = Release|Any CPU
		{1990ACF9-128F-441F-9AC0-561FDE95F893}.Release|ARM.Build.0 = Release|Any CPU
		{1990ACF9-128F-441F-9AC0-561FDE95F893}.Release|ARM.Deploy.0 = Release|Any CPU
		{1990ACF9-128F-441F-9AC0-561FDE95F893}.Release|iPhone.ActiveCfg = Release|Any CPU
		{1990ACF9-128F-441F-9AC0-561FDE95F893}.Release|iPhone.Build.0 = Release|Any CPU
		{1990ACF9-128F-441F-9AC0-561FDE95F893}.Release|iPhone.Deploy.0 = Release|Any CPU
		{1990ACF9-128F-441F-9AC0-561FDE95F893}.Release|iPhoneSimulator.ActiveCfg = Release|Any CPU
		{1990ACF9-128F-441F-9AC0-561FDE95F893}.Release|iPhoneSimulator.Build.0 = Release|Any CPU
		{1990ACF9-128F-441F-9AC0-561FDE95F893}.Release|iPhoneSimulator.Deploy.0 = Release|Any CPU
		{1990ACF9-128F-441F-9AC0-561FDE95F893}.Release|x64.ActiveCfg = Release|Any CPU
		{1990ACF9-128F-441F-9AC0-561FDE95F893}.Release|x64.Build.0 = Release|Any CPU
		{1990ACF9-128F-441F-9AC0-561FDE95F893}.Release|x64.Deploy.0 = Release|Any CPU
		{1990ACF9-128F-441F-9AC0-561FDE95F893}.Release|x86.ActiveCfg = Release|Any CPU
		{1990ACF9-128F-441F-9AC0-561FDE95F893}.Release|x86.Build.0 = Release|Any CPU
		{1990ACF9-128F-441F-9AC0-561FDE95F893}.Release|x86.Deploy.0 = Release|Any CPU
		{38224268-9B34-48C8-B9E3-855D135D6DCB}.Debug|Any CPU.ActiveCfg = Debug|iPhone
		{38224268-9B34-48C8-B9E3-855D135D6DCB}.Debug|Any CPU.Build.0 = Debug|iPhone
		{38224268-9B34-48C8-B9E3-855D135D6DCB}.Debug|Any CPU.Deploy.0 = Debug|iPhone
		{38224268-9B34-48C8-B9E3-855D135D6DCB}.Debug|ARM.ActiveCfg = Debug|iPhoneSimulator
		{38224268-9B34-48C8-B9E3-855D135D6DCB}.Debug|ARM.Build.0 = Debug|iPhoneSimulator
		{38224268-9B34-48C8-B9E3-855D135D6DCB}.Debug|ARM.Deploy.0 = Debug|iPhoneSimulator
		{38224268-9B34-48C8-B9E3-855D135D6DCB}.Debug|iPhone.ActiveCfg = Debug|iPhone
		{38224268-9B34-48C8-B9E3-855D135D6DCB}.Debug|iPhone.Build.0 = Debug|iPhone
		{38224268-9B34-48C8-B9E3-855D135D6DCB}.Debug|iPhone.Deploy.0 = Debug|iPhone
		{38224268-9B34-48C8-B9E3-855D135D6DCB}.Debug|iPhoneSimulator.ActiveCfg = Debug|iPhoneSimulator
		{38224268-9B34-48C8-B9E3-855D135D6DCB}.Debug|iPhoneSimulator.Build.0 = Debug|iPhoneSimulator
		{38224268-9B34-48C8-B9E3-855D135D6DCB}.Debug|iPhoneSimulator.Deploy.0 = Debug|iPhoneSimulator
		{38224268-9B34-48C8-B9E3-855D135D6DCB}.Debug|x64.ActiveCfg = Debug|iPhone
		{38224268-9B34-48C8-B9E3-855D135D6DCB}.Debug|x64.Build.0 = Debug|iPhone
		{38224268-9B34-48C8-B9E3-855D135D6DCB}.Debug|x64.Deploy.0 = Debug|iPhone
		{38224268-9B34-48C8-B9E3-855D135D6DCB}.Debug|x86.ActiveCfg = Debug|iPhone
		{38224268-9B34-48C8-B9E3-855D135D6DCB}.Debug|x86.Build.0 = Debug|iPhone
		{38224268-9B34-48C8-B9E3-855D135D6DCB}.Debug|x86.Deploy.0 = Debug|iPhone
		{38224268-9B34-48C8-B9E3-855D135D6DCB}.Release|Any CPU.ActiveCfg = Release|iPhone
		{38224268-9B34-48C8-B9E3-855D135D6DCB}.Release|Any CPU.Build.0 = Release|iPhone
		{38224268-9B34-48C8-B9E3-855D135D6DCB}.Release|Any CPU.Deploy.0 = Release|iPhone
		{38224268-9B34-48C8-B9E3-855D135D6DCB}.Release|ARM.ActiveCfg = Release|iPhone
		{38224268-9B34-48C8-B9E3-855D135D6DCB}.Release|ARM.Build.0 = Release|iPhone
		{38224268-9B34-48C8-B9E3-855D135D6DCB}.Release|ARM.Deploy.0 = Release|iPhone
		{38224268-9B34-48C8-B9E3-855D135D6DCB}.Release|iPhone.ActiveCfg = Release|iPhone
		{38224268-9B34-48C8-B9E3-855D135D6DCB}.Release|iPhone.Build.0 = Release|iPhone
		{38224268-9B34-48C8-B9E3-855D135D6DCB}.Release|iPhone.Deploy.0 = Release|iPhone
		{38224268-9B34-48C8-B9E3-855D135D6DCB}.Release|iPhoneSimulator.ActiveCfg = Release|iPhoneSimulator
		{38224268-9B34-48C8-B9E3-855D135D6DCB}.Release|iPhoneSimulator.Build.0 = Release|iPhoneSimulator
		{38224268-9B34-48C8-B9E3-855D135D6DCB}.Release|iPhoneSimulator.Deploy.0 = Release|iPhoneSimulator
		{38224268-9B34-48C8-B9E3-855D135D6DCB}.Release|x64.ActiveCfg = Release|iPhone
		{38224268-9B34-48C8-B9E3-855D135D6DCB}.Release|x64.Build.0 = Release|iPhone
		{38224268-9B34-48C8-B9E3-855D135D6DCB}.Release|x64.Deploy.0 = Release|iPhone
		{38224268-9B34-48C8-B9E3-855D135D6DCB}.Release|x86.ActiveCfg = Release|iPhone
		{38224268-9B34-48C8-B9E3-855D135D6DCB}.Release|x86.Build.0 = Release|iPhone
		{38224268-9B34-48C8-B9E3-855D135D6DCB}.Release|x86.Deploy.0 = Release|iPhone
		{0A5D45B7-FB02-4B0B-999D-CECE688D138A}.Debug|Any CPU.ActiveCfg = Debug|Any CPU
		{0A5D45B7-FB02-4B0B-999D-CECE688D138A}.Debug|Any CPU.Build.0 = Debug|Any CPU
		{0A5D45B7-FB02-4B0B-999D-CECE688D138A}.Debug|Any CPU.Deploy.0 = Debug|Any CPU
		{0A5D45B7-FB02-4B0B-999D-CECE688D138A}.Debug|ARM.ActiveCfg = Debug|Any CPU
		{0A5D45B7-FB02-4B0B-999D-CECE688D138A}.Debug|ARM.Build.0 = Debug|Any CPU
		{0A5D45B7-FB02-4B0B-999D-CECE688D138A}.Debug|ARM.Deploy.0 = Debug|Any CPU
		{0A5D45B7-FB02-4B0B-999D-CECE688D138A}.Debug|iPhone.ActiveCfg = Debug|Any CPU
		{0A5D45B7-FB02-4B0B-999D-CECE688D138A}.Debug|iPhone.Build.0 = Debug|Any CPU
		{0A5D45B7-FB02-4B0B-999D-CECE688D138A}.Debug|iPhone.Deploy.0 = Debug|Any CPU
		{0A5D45B7-FB02-4B0B-999D-CECE688D138A}.Debug|iPhoneSimulator.ActiveCfg = Debug|Any CPU
		{0A5D45B7-FB02-4B0B-999D-CECE688D138A}.Debug|iPhoneSimulator.Build.0 = Debug|Any CPU
		{0A5D45B7-FB02-4B0B-999D-CECE688D138A}.Debug|iPhoneSimulator.Deploy.0 = Debug|Any CPU
		{0A5D45B7-FB02-4B0B-999D-CECE688D138A}.Debug|x64.ActiveCfg = Debug|Any CPU
		{0A5D45B7-FB02-4B0B-999D-CECE688D138A}.Debug|x64.Build.0 = Debug|Any CPU
		{0A5D45B7-FB02-4B0B-999D-CECE688D138A}.Debug|x64.Deploy.0 = Debug|Any CPU
		{0A5D45B7-FB02-4B0B-999D-CECE688D138A}.Debug|x86.ActiveCfg = Debug|Any CPU
		{0A5D45B7-FB02-4B0B-999D-CECE688D138A}.Debug|x86.Build.0 = Debug|Any CPU
		{0A5D45B7-FB02-4B0B-999D-CECE688D138A}.Debug|x86.Deploy.0 = Debug|Any CPU
		{0A5D45B7-FB02-4B0B-999D-CECE688D138A}.Release|Any CPU.ActiveCfg = Release|Any CPU
		{0A5D45B7-FB02-4B0B-999D-CECE688D138A}.Release|Any CPU.Build.0 = Release|Any CPU
		{0A5D45B7-FB02-4B0B-999D-CECE688D138A}.Release|Any CPU.Deploy.0 = Release|Any CPU
		{0A5D45B7-FB02-4B0B-999D-CECE688D138A}.Release|ARM.ActiveCfg = Release|Any CPU
		{0A5D45B7-FB02-4B0B-999D-CECE688D138A}.Release|ARM.Build.0 = Release|Any CPU
		{0A5D45B7-FB02-4B0B-999D-CECE688D138A}.Release|ARM.Deploy.0 = Release|Any CPU
		{0A5D45B7-FB02-4B0B-999D-CECE688D138A}.Release|iPhone.ActiveCfg = Release|Any CPU
		{0A5D45B7-FB02-4B0B-999D-CECE688D138A}.Release|iPhone.Build.0 = Release|Any CPU
		{0A5D45B7-FB02-4B0B-999D-CECE688D138A}.Release|iPhone.Deploy.0 = Release|Any CPU
		{0A5D45B7-FB02-4B0B-999D-CECE688D138A}.Release|iPhoneSimulator.ActiveCfg = Release|Any CPU
		{0A5D45B7-FB02-4B0B-999D-CECE688D138A}.Release|iPhoneSimulator.Build.0 = Release|Any CPU
		{0A5D45B7-FB02-4B0B-999D-CECE688D138A}.Release|iPhoneSimulator.Deploy.0 = Release|Any CPU
		{0A5D45B7-FB02-4B0B-999D-CECE688D138A}.Release|x64.ActiveCfg = Release|Any CPU
		{0A5D45B7-FB02-4B0B-999D-CECE688D138A}.Release|x64.Build.0 = Release|Any CPU
		{0A5D45B7-FB02-4B0B-999D-CECE688D138A}.Release|x64.Deploy.0 = Release|Any CPU
		{0A5D45B7-FB02-4B0B-999D-CECE688D138A}.Release|x86.ActiveCfg = Release|Any CPU
		{0A5D45B7-FB02-4B0B-999D-CECE688D138A}.Release|x86.Build.0 = Release|Any CPU
		{0A5D45B7-FB02-4B0B-999D-CECE688D138A}.Release|x86.Deploy.0 = Release|Any CPU
	EndGlobalSection
	GlobalSection(SolutionProperties) = preSolution
		HideSolutionNode = FALSE
	EndGlobalSection
	GlobalSection(ExtensibilityGlobals) = postSolution
		SolutionGuid = {78A5C1F7-A8A6-4E7F-9590-43685BA7A697}
	EndGlobalSection
EndGlobal
